# This file is autogenerated, do not edit; changes may be undone by the next 'dep ensure'.


[[projects]]
  branch = "master"
  name = "github.com/agalitsyn/flagenv"
  packages = ["."]
  revision = "adc4ea7bdf082d9ed2f01115402210e0a090d132"

[[projects]]
  name = "github.com/go-chi/chi"
  packages = [
    ".",
    "middleware"
  ]
  revision = "e83ac2304db3c50cf03d96a2fcd39009d458bc35"
  version = "v3.3.2"

[[projects]]
  name = "github.com/go-chi/render"
  packages = ["."]
  revision = "9f855fadd4b8cde7773f9ef51f6b2705af239519"
  version = "v1.0.0"

[solve-meta]
  analyzer-name = "dep"
  analyzer-version = 1
  inputs-digest = "64e206420dc4732c172b5036019a7256dbd2daf690d6592b97e51196b0d0f5ac"
  solver-name = "gps-cdcl"
  solver-version = 1
